version: 5
environments:
  default:
    channels:
    - url: https://conda.anaconda.org/conda-forge/
    packages:
      osx-64:
      - conda: https://conda.anaconda.org/conda-forge/noarch/blinker-1.8.2-pyhd8ed1ab_0.conda
      - conda: https://conda.anaconda.org/conda-forge/osx-64/bzip2-1.0.8-h10d778d_5.conda
      - conda: https://conda.anaconda.org/conda-forge/osx-64/ca-certificates-2024.6.2-h8857fd0_0.conda
      - conda: https://conda.anaconda.org/conda-forge/noarch/click-8.1.7-unix_pyh707e725_0.conda
      - conda: https://conda.anaconda.org/conda-forge/osx-64/deno-1.43.6-hfe9b8fa_0.conda
      - conda: https://conda.anaconda.org/conda-forge/noarch/flask-3.0.3-pyhd8ed1ab_0.conda
      - conda: https://conda.anaconda.org/conda-forge/noarch/flask-sqlalchemy-3.0.3-pyhd8ed1ab_0.conda
      - conda: https://conda.anaconda.org/conda-forge/osx-64/greenlet-3.0.3-py312hede676d_0.conda
      - conda: https://conda.anaconda.org/conda-forge/noarch/importlib-metadata-7.1.0-pyha770c72_0.conda
      - conda: https://conda.anaconda.org/conda-forge/noarch/itsdangerous-2.2.0-pyhd8ed1ab_0.conda
      - conda: https://conda.anaconda.org/conda-forge/noarch/jinja2-3.1.4-pyhd8ed1ab_0.conda
      - conda: https://conda.anaconda.org/conda-forge/osx-64/libcxx-17.0.6-h88467a6_0.conda
      - conda: https://conda.anaconda.org/conda-forge/osx-64/libexpat-2.6.2-h73e2aa4_0.conda
      - conda: https://conda.anaconda.org/conda-forge/osx-64/libffi-3.4.2-h0d85af4_5.tar.bz2
      - conda: https://conda.anaconda.org/conda-forge/osx-64/libsqlite-3.46.0-h1b8f9f3_0.conda
      - conda: https://conda.anaconda.org/conda-forge/osx-64/libzlib-1.3.1-h87427d6_1.conda
      - conda: https://conda.anaconda.org/conda-forge/osx-64/markupsafe-2.1.5-py312h41838bb_0.conda
      - conda: https://conda.anaconda.org/conda-forge/osx-64/ncurses-6.5-h5846eda_0.conda
      - conda: https://conda.anaconda.org/conda-forge/osx-64/openssl-3.3.1-h87427d6_0.conda
      - conda: https://conda.anaconda.org/conda-forge/osx-64/python-3.12.3-h1411813_0_cpython.conda
      - conda: https://conda.anaconda.org/conda-forge/osx-64/python_abi-3.12-4_cp312.conda
      - conda: https://conda.anaconda.org/conda-forge/osx-64/readline-8.2-h9e318b2_1.conda
      - conda: https://conda.anaconda.org/conda-forge/osx-64/sqlalchemy-2.0.30-py312h520dd33_0.conda
      - conda: https://conda.anaconda.org/conda-forge/osx-64/tk-8.6.13-h1abcd95_1.conda
      - conda: https://conda.anaconda.org/conda-forge/noarch/typing-extensions-4.12.2-hd8ed1ab_0.conda
      - conda: https://conda.anaconda.org/conda-forge/noarch/typing_extensions-4.12.2-pyha770c72_0.conda
      - conda: https://conda.anaconda.org/conda-forge/noarch/tzdata-2024a-h0c530f3_0.conda
      - conda: https://conda.anaconda.org/conda-forge/noarch/werkzeug-3.0.3-pyhd8ed1ab_0.conda
      - conda: https://conda.anaconda.org/conda-forge/osx-64/xz-5.2.6-h775f41a_0.tar.bz2
      - conda: https://conda.anaconda.org/conda-forge/noarch/zipp-3.19.2-pyhd8ed1ab_0.conda
packages:
- kind: conda
  name: blinker
  version: 1.8.2
  build: pyhd8ed1ab_0
  subdir: noarch
  noarch: python
  url: https://conda.anaconda.org/conda-forge/noarch/blinker-1.8.2-pyhd8ed1ab_0.conda
  sha256: 8ca3cd8f78d0607df28c9f76adb9800348f8f2dc8aa49d188a995a0acdc4477d
  md5: cf85c002319c15e9721934104aaa1137
  depends:
  - python >=3.8
  license: MIT
  license_family: MIT
  size: 14707
  timestamp: 1715091300511
- kind: conda
  name: bzip2
  version: 1.0.8
  build: h10d778d_5
  build_number: 5
  subdir: osx-64
  url: https://conda.anaconda.org/conda-forge/osx-64/bzip2-1.0.8-h10d778d_5.conda
  sha256: 61fb2b488928a54d9472113e1280b468a309561caa54f33825a3593da390b242
  md5: 6097a6ca9ada32699b5fc4312dd6ef18
  license: bzip2-1.0.6
  license_family: BSD
  size: 127885
  timestamp: 1699280178474
- kind: conda
  name: ca-certificates
  version: 2024.6.2
  build: h8857fd0_0
  subdir: osx-64
  url: https://conda.anaconda.org/conda-forge/osx-64/ca-certificates-2024.6.2-h8857fd0_0.conda
  sha256: ba0614477229fcb0f0666356f2c4686caa66f0ed1446e7c9666ce234abe2bacf
  md5: 3c23a8cab15ae51ebc9efdc229fccecf
  license: ISC
  size: 156145
  timestamp: 1717311781754
- kind: conda
  name: click
  version: 8.1.7
  build: unix_pyh707e725_0
  subdir: noarch
  noarch: python
  url: https://conda.anaconda.org/conda-forge/noarch/click-8.1.7-unix_pyh707e725_0.conda
  sha256: f0016cbab6ac4138a429e28dbcb904a90305b34b3fe41a9b89d697c90401caec
  md5: f3ad426304898027fc619827ff428eca
  depends:
  - __unix
  - python >=3.8
  license: BSD-3-Clause
  license_family: BSD
  size: 84437
  timestamp: 1692311973840
- kind: conda
  name: deno
  version: 1.43.6
  build: hfe9b8fa_0
  subdir: osx-64
  url: https://conda.anaconda.org/conda-forge/osx-64/deno-1.43.6-hfe9b8fa_0.conda
  sha256: c5401a3f2e8765e2758de526bdeca6722900f11b6eb2b21b75a92e74697bfeb3
  md5: 8d81d02bd79070a2ae1a63c7f9466a11
  depends:
  - __osx >=10.13
  constrains:
  - __osx >=10.12
  license: MIT
  license_family: MIT
  size: 34724759
  timestamp: 1716455941934
- kind: conda
  name: flask
  version: 3.0.3
  build: pyhd8ed1ab_0
  subdir: noarch
  noarch: python
  url: https://conda.anaconda.org/conda-forge/noarch/flask-3.0.3-pyhd8ed1ab_0.conda
  sha256: 2fc508f656fe52cb2f9a69c9c62077934d6a81510256dbe85f95beb7d9620238
  md5: dcdb937144fa20d7757bf512db1ea769
  depends:
  - blinker >=1.6.2
  - click >=8.1.3
  - importlib-metadata >=3.6.0
  - itsdangerous >=2.1.2
  - jinja2 >=3.1.2
  - python >=3.8
  - werkzeug >=3.0.0
  license: BSD-3-Clause
  license_family: BSD
  size: 80797
  timestamp: 1712667841142
- kind: conda
  name: flask-sqlalchemy
  version: 3.0.3
  build: pyhd8ed1ab_0
  subdir: noarch
  noarch: python
  url: https://conda.anaconda.org/conda-forge/noarch/flask-sqlalchemy-3.0.3-pyhd8ed1ab_0.conda
  sha256: 460693607ab0e2feb600bb755851c0c19db8d6dbd1c7636904c8de6f2c63040d
  md5: 6a301e2aa76aef91787e15f59ab03390
  depends:
  - flask >=2.2
  - python >=3.7
  - sqlalchemy >=1.4.18
  license: BSD-3-Clause
  license_family: BSD
  size: 25271
  timestamp: 1675194331817
- kind: conda
  name: greenlet
  version: 3.0.3
  build: py312hede676d_0
  subdir: osx-64
  url: https://conda.anaconda.org/conda-forge/osx-64/greenlet-3.0.3-py312hede676d_0.conda
  sha256: 37dae8f15ecb190adcd5e5f527bed03751a866311b7eded89a59050425c84370
  md5: a2625dbdaf5969de36973cea17cc6ea8
  depends:
  - libcxx >=15
  - python >=3.12,<3.13.0a0
  - python_abi 3.12.* *_cp312
  license: MIT
  license_family: MIT
  size: 222396
  timestamp: 1703202211483
- kind: conda
  name: importlib-metadata
  version: 7.1.0
  build: pyha770c72_0
  subdir: noarch
  noarch: python
  url: https://conda.anaconda.org/conda-forge/noarch/importlib-metadata-7.1.0-pyha770c72_0.conda
  sha256: cc2e7d1f7f01cede30feafc1118b7aefa244d0a12224513734e24165ae12ba49
  md5: 0896606848b2dc5cebdf111b6543aa04
  depends:
  - python >=3.8
  - zipp >=0.5
  license: Apache-2.0
  license_family: APACHE
  size: 27043
  timestamp: 1710971498183
- kind: conda
  name: itsdangerous
  version: 2.2.0
  build: pyhd8ed1ab_0
  subdir: noarch
  noarch: python
  url: https://conda.anaconda.org/conda-forge/noarch/itsdangerous-2.2.0-pyhd8ed1ab_0.conda
  sha256: 4e933e36e9b0401b62ea8fd63393827ebeb4250de77a56687afb387d504523c5
  md5: ff7ca04134ee8dde1d7cf491a78ef7c7
  depends:
  - python >=3.8
  license: BSD-3-Clause
  license_family: BSD
  size: 19333
  timestamp: 1713372766463
- kind: conda
  name: jinja2
  version: 3.1.4
  build: pyhd8ed1ab_0
  subdir: noarch
  noarch: python
  url: https://conda.anaconda.org/conda-forge/noarch/jinja2-3.1.4-pyhd8ed1ab_0.conda
  sha256: 27380d870d42d00350d2d52598cddaf02f9505fb24be09488da0c9b8d1428f2d
  md5: 7b86ecb7d3557821c649b3c31e3eb9f2
  depends:
  - markupsafe >=2.0
  - python >=3.7
  license: BSD-3-Clause
  license_family: BSD
  size: 111565
  timestamp: 1715127275924
- kind: conda
  name: libcxx
  version: 17.0.6
  build: h88467a6_0
  subdir: osx-64
  url: https://conda.anaconda.org/conda-forge/osx-64/libcxx-17.0.6-h88467a6_0.conda
  sha256: e7b57062c1edfcbd13d2129467c94cbff7f0a988ee75782bf48b1dc0e6300b8b
  md5: 0fe355aecb8d24b8bc07c763209adbd9
  depends:
  - __osx >=10.13
  license: Apache-2.0 WITH LLVM-exception
  license_family: Apache
  size: 1249309
  timestamp: 1715020018902
- kind: conda
  name: libexpat
  version: 2.6.2
  build: h73e2aa4_0
  subdir: osx-64
  url: https://conda.anaconda.org/conda-forge/osx-64/libexpat-2.6.2-h73e2aa4_0.conda
  sha256: a188a77b275d61159a32ab547f7d17892226e7dac4518d2c6ac3ac8fc8dfde92
  md5: 3d1d51c8f716d97c864d12f7af329526
  constrains:
  - expat 2.6.2.*
  license: MIT
  license_family: MIT
  size: 69246
  timestamp: 1710362566073
- kind: conda
  name: libffi
  version: 3.4.2
  build: h0d85af4_5
  build_number: 5
  subdir: osx-64
  url: https://conda.anaconda.org/conda-forge/osx-64/libffi-3.4.2-h0d85af4_5.tar.bz2
  sha256: 7a2d27a936ceee6942ea4d397f9c7d136f12549d86f7617e8b6bad51e01a941f
  md5: ccb34fb14960ad8b125962d3d79b31a9
  license: MIT
  license_family: MIT
  size: 51348
  timestamp: 1636488394370
- kind: conda
  name: libsqlite
  version: 3.46.0
  build: h1b8f9f3_0
  subdir: osx-64
  url: https://conda.anaconda.org/conda-forge/osx-64/libsqlite-3.46.0-h1b8f9f3_0.conda
  sha256: 63af1a9e3284c7e4952364bafe7267e41e2d9d8bcc0e85a4ea4b0ec02d3693f6
  md5: 5dadfbc1a567fe6e475df4ce3148be09
  depends:
  - __osx >=10.13
  - libzlib >=1.2.13,<2.0a0
  license: Unlicense
  size: 908643
  timestamp: 1718050720117
- kind: conda
  name: libzlib
  version: 1.3.1
  build: h87427d6_1
  build_number: 1
  subdir: osx-64
  url: https://conda.anaconda.org/conda-forge/osx-64/libzlib-1.3.1-h87427d6_1.conda
  sha256: 80a62db652b1da0ccc100812a1d86e94f75028968991bfb17f9536f3aa72d91d
  md5: b7575b5aa92108dcc9aaab0f05f2dbce
  depends:
  - __osx >=10.13
  constrains:
  - zlib 1.3.1 *_1
  license: Zlib
  license_family: Other
  size: 57372
  timestamp: 1716874211519
- kind: conda
  name: markupsafe
  version: 2.1.5
  build: py312h41838bb_0
  subdir: osx-64
  url: https://conda.anaconda.org/conda-forge/osx-64/markupsafe-2.1.5-py312h41838bb_0.conda
  sha256: 8dc8f31f78d00713300da000b6ebaa1943a17c112f267de310d5c3d82950079c
  md5: c4a9c25c09cef3901789ca818d9beb10
  depends:
  - python >=3.12,<3.13.0a0
  - python_abi 3.12.* *_cp312
  constrains:
  - jinja2 >=3.0.0
  license: BSD-3-Clause
  license_family: BSD
  size: 25742
  timestamp: 1706900456837
- kind: conda
  name: ncurses
  version: '6.5'
  build: h5846eda_0
  subdir: osx-64
  url: https://conda.anaconda.org/conda-forge/osx-64/ncurses-6.5-h5846eda_0.conda
  sha256: 6ecc73db0e49143092c0934355ac41583a5d5a48c6914c5f6ca48e562d3a4b79
  md5: 02a888433d165c99bf09784a7b14d900
  license: X11 AND BSD-3-Clause
  size: 823601
  timestamp: 1715195267791
- kind: conda
  name: openssl
  version: 3.3.1
  build: h87427d6_0
  subdir: osx-64
  url: https://conda.anaconda.org/conda-forge/osx-64/openssl-3.3.1-h87427d6_0.conda
  sha256: 272bee725877f417fef923f5e7852ebfe06b40b6bf3364f4498b2b3f568d5e2c
  md5: 1bdad93ae01353340f194c5d879745db
  depends:
  - __osx >=10.13
  - ca-certificates
  constrains:
  - pyopenssl >=22.1
  license: Apache-2.0
  license_family: Apache
  size: 2547614
  timestamp: 1717546605131
- kind: conda
  name: python
  version: 3.12.3
  build: h1411813_0_cpython
  subdir: osx-64
  url: https://conda.anaconda.org/conda-forge/osx-64/python-3.12.3-h1411813_0_cpython.conda
  sha256: 3b327ffc152a245011011d1d730781577a8274fde1cf6243f073749ead8f1c2a
  md5: df1448ec6cbf8eceb03d29003cf72ae6
  depends:
  - __osx >=10.9
  - bzip2 >=1.0.8,<2.0a0
  - libexpat >=2.6.2,<3.0a0
  - libffi >=3.4,<4.0a0
  - libsqlite >=3.45.2,<4.0a0
  - libzlib >=1.2.13,<2.0.0a0
  - ncurses >=6.4.20240210,<7.0a0
  - openssl >=3.2.1,<4.0a0
  - readline >=8.2,<9.0a0
  - tk >=8.6.13,<8.7.0a0
  - tzdata
  - xz >=5.2.6,<6.0a0
  constrains:
  - python_abi 3.12.* *_cp312
  license: Python-2.0
  size: 14557341
  timestamp: 1713208068012
- kind: conda
  name: python_abi
  version: '3.12'
  build: 4_cp312
  build_number: 4
  subdir: osx-64
  url: https://conda.anaconda.org/conda-forge/osx-64/python_abi-3.12-4_cp312.conda
  sha256: 82c154d95c1637604671a02a89e72f1382e89a4269265a03506496bd928f6f14
  md5: 87201ac4314b911b74197e588cca3639
  constrains:
  - python 3.12.* *_cpython
  license: BSD-3-Clause
  license_family: BSD
  size: 6496
  timestamp: 1695147498447
- kind: conda
  name: readline
  version: '8.2'
  build: h9e318b2_1
  build_number: 1
  subdir: osx-64
  url: https://conda.anaconda.org/conda-forge/osx-64/readline-8.2-h9e318b2_1.conda
  sha256: 41e7d30a097d9b060037f0c6a2b1d4c4ae7e942c06c943d23f9d481548478568
  md5: f17f77f2acf4d344734bda76829ce14e
  depends:
  - ncurses >=6.3,<7.0a0
  license: GPL-3.0-only
  license_family: GPL
  size: 255870
  timestamp: 1679532707590
- kind: conda
  name: sqlalchemy
  version: 2.0.30
  build: py312h520dd33_0
  subdir: osx-64
  url: https://conda.anaconda.org/conda-forge/osx-64/sqlalchemy-2.0.30-py312h520dd33_0.conda
  sha256: 5526b55fcd1894c15cc9cae3a8209dc92c5d7ecdadc8d6485b68117e2e6665d1
  md5: e7ee743f475bbe5d113dc1dfac81ac16
  depends:
  - __osx >=10.9
  - greenlet !=0.4.17
  - python >=3.12,<3.13.0a0
  - python_abi 3.12.* *_cp312
  - typing-extensions >=4.6.0
  license: MIT
  license_family: MIT
  size: 3425201
  timestamp: 1714952825869
- kind: conda
  name: tk
  version: 8.6.13
  build: h1abcd95_1
  build_number: 1
  subdir: osx-64
  url: https://conda.anaconda.org/conda-forge/osx-64/tk-8.6.13-h1abcd95_1.conda
  sha256: 30412b2e9de4ff82d8c2a7e5d06a15f4f4fef1809a72138b6ccb53a33b26faf5
  md5: bf830ba5afc507c6232d4ef0fb1a882d
  depends:
  - libzlib >=1.2.13,<2.0.0a0
  license: TCL
  license_family: BSD
  size: 3270220
  timestamp: 1699202389792
- kind: conda
  name: typing-extensions
  version: 4.12.2
  build: hd8ed1ab_0
  subdir: noarch
  noarch: python
  url: https://conda.anaconda.org/conda-forge/noarch/typing-extensions-4.12.2-hd8ed1ab_0.conda
  sha256: d3b9a8ed6da7c9f9553c5fd8a4fca9c3e0ab712fa5f497859f82337d67533b73
  md5: 52d648bd608f5737b123f510bb5514b5
  depends:
  - typing_extensions 4.12.2 pyha770c72_0
  license: PSF-2.0
  license_family: PSF
  size: 10097
  timestamp: 1717802659025
- kind: conda
  name: typing_extensions
  version: 4.12.2
  build: pyha770c72_0
  subdir: noarch
  noarch: python
  url: https://conda.anaconda.org/conda-forge/noarch/typing_extensions-4.12.2-pyha770c72_0.conda
  sha256: 0fce54f8ec3e59f5ef3bb7641863be4e1bf1279623e5af3d3fa726e8f7628ddb
  md5: ebe6952715e1d5eb567eeebf25250fa7
  depends:
  - python >=3.8
  license: PSF-2.0
  license_family: PSF
  size: 39888
  timestamp: 1717802653893
- kind: conda
  name: tzdata
  version: 2024a
  build: h0c530f3_0
  subdir: noarch
  noarch: generic
  url: https://conda.anaconda.org/conda-forge/noarch/tzdata-2024a-h0c530f3_0.conda
  sha256: 7b2b69c54ec62a243eb6fba2391b5e443421608c3ae5dbff938ad33ca8db5122
  md5: 161081fc7cec0bfda0d86d7cb595f8d8
  license: LicenseRef-Public-Domain
  size: 119815
  timestamp: 1706886945727
- kind: conda
  name: werkzeug
  version: 3.0.3
  build: pyhd8ed1ab_0
  subdir: noarch
  noarch: python
  url: https://conda.anaconda.org/conda-forge/noarch/werkzeug-3.0.3-pyhd8ed1ab_0.conda
  sha256: a77d0c67096999c35854e0480e3b978ef72ee008e295e92b0dc67116b2398661
  md5: 2e60f5f388845027ee87fca6bee4ac23
  depends:
  - markupsafe >=2.1.1
  - python >=3.8
  license: BSD-3-Clause
  license_family: BSD
  size: 242920
  timestamp: 1715000337645
- kind: conda
  name: xz
  version: 5.2.6
  build: h775f41a_0
  subdir: osx-64
  url: https://conda.anaconda.org/conda-forge/osx-64/xz-5.2.6-h775f41a_0.tar.bz2
  sha256: eb09823f34cc2dd663c0ec4ab13f246f45dcd52e5b8c47b9864361de5204a1c8
  md5: a72f9d4ea13d55d745ff1ed594747f10
  license: LGPL-2.1 and GPL-2.0
  size: 238119
  timestamp: 1660346964847
- kind: conda
  name: zipp
  version: 3.19.2
  build: pyhd8ed1ab_0
  subdir: noarch
  noarch: python
  url: https://conda.anaconda.org/conda-forge/noarch/zipp-3.19.2-pyhd8ed1ab_0.conda
  sha256: e3e9c8501f581bfdc4700b83ea283395e237ec6b9b5cbfbedb556e1da6f4fdc9
  md5: 49808e59df5535116f6878b2a820d6f4
  depends:
  - python >=3.8
  license: MIT
  license_family: MIT
  size: 20917
  timestamp: 1718013395428
